
Microsoft Visual Studio Solution File, Format Version 12.00
# Visual Studio Version 17
VisualStudioVersion = 17.9.34622.214
MinimumVisualStudioVersion = 10.0.40219.1
Project("{FAE04EC0-301F-11D3-BF4B-00C04F79EFBC}") = "BlazorChatApp", "BlazorChatApp\BlazorChatApp\BlazorChatApp.csproj", "{01B12DBE-7A49-4191-9568-969609937529}"
EndProject
Project("{FAE04EC0-301F-11D3-BF4B-00C04F79EFBC}") = "BlazorChatApp.Client", "BlazorChatApp\BlazorChatApp.Client\BlazorChatApp.Client.csproj", "{9E5BB711-1BF4-495C-8390-CA7E6ED1FE7D}"
EndProject
Global
	GlobalSection(SolutionConfigurationPlatforms) = preSolution
		Debug|Any CPU = Debug|Any CPU
		Release|Any CPU = Release|Any CPU
	EndGlobalSection
	GlobalSection(ProjectConfigurationPlatforms) = postSolution
		{01B12DBE-7A49-4191-9568-969609937529}.Debug|Any CPU.ActiveCfg = Debug|Any CPU
		{01B12DBE-7A49-4191-9568-969609937529}.Debug|Any CPU.Build.0 = Debug|Any CPU
		{01B12DBE-7A49-4191-9568-969609937529}.Release|Any CPU.ActiveCfg = Release|Any CPU
		{01B12DBE-7A49-4191-9568-969609937529}.Release|Any CPU.Build.0 = Release|Any CPU
		{9E5BB711-1BF4-495C-8390-CA7E6ED1FE7D}.Debug|Any CPU.ActiveCfg = Debug|Any CPU
		{9E5BB711-1BF4-495C-8390-CA7E6ED1FE7D}.Debug|Any CPU.Build.0 = Debug|Any CPU
		{9E5BB711-1BF4-495C-8390-CA7E6ED1FE7D}.Release|Any CPU.ActiveCfg = Release|Any CPU
		{9E5BB711-1BF4-495C-8390-CA7E6ED1FE7D}.Release|Any CPU.Build.0 = Release|Any CPU
	EndGlobalSection
	GlobalSection(SolutionProperties) = preSolution
		HideSolutionNode = FALSE
	EndGlobalSection
	GlobalSection(ExtensibilityGlobals) = postSolution
		SolutionGuid = {A99FDA21-5D0A-4FBE-BB3C-8CFE0A438882}
	EndGlobalSection
EndGlobal
